
Microsoft Visual Studio Solution File, Format Version 12.00
# Visual Studio Version 16
VisualStudioVersion = 16.0.29509.3
MinimumVisualStudioVersion = 10.0.40219.1
Project("{FAE04EC0-301F-11D3-BF4B-00C04F79EFBC}") = "cal", "cal\cal.csproj", "{0B04CE5D-5749-4936-B4D8-AA7C14BDEB6B}"
EndProject
Global
	GlobalSection(SolutionConfigurationPlatforms) = preSolution
		Debug|Any CPU = Debug|Any CPU
		Release|Any CPU = Release|Any CPU
	EndGlobalSection
	GlobalSection(ProjectConfigurationPlatforms) = postSolution
		{0B04CE5D-5749-4936-B4D8-AA7C14BDEB6B}.Debug|Any CPU.ActiveCfg = Debug|Any CPU
		{0B04CE5D-5749-4936-B4D8-AA7C14BDEB6B}.Debug|Any CPU.Build.0 = Debug|Any CPU
		{0B04CE5D-5749-4936-B4D8-AA7C14BDEB6B}.Release|Any CPU.ActiveCfg = Release|Any CPU
		{0B04CE5D-5749-4936-B4D8-AA7C14BDEB6B}.Release|Any CPU.Build.0 = Release|Any CPU
	EndGlobalSection
	GlobalSection(SolutionProperties) = preSolution
		HideSolutionNode = FALSE
	EndGlobalSection
	GlobalSection(ExtensibilityGlobals) = postSolution
		SolutionGuid = {3879B7DB-5B16-4B82-85ED-56F75DA75B0E}
	EndGlobalSection
EndGlobal
